
Microsoft Visual Studio Solution File, Format Version 12.00
# Visual Studio Version 17
VisualStudioVersion = 17.4.33122.133
MinimumVisualStudioVersion = 10.0.40219.1
Project("{FAE04EC0-301F-11D3-BF4B-00C04F79EFBC}") = "CalculoÁreadoTriângulo", "CalculoÁreadoTriângulo\CalculoÁreadoTriângulo.csproj", "{6B86B759-AA5E-43BE-879A-4CCF9742D9CB}"
EndProject
Global
	GlobalSection(SolutionConfigurationPlatforms) = preSolution
		Debug|Any CPU = Debug|Any CPU
		Release|Any CPU = Release|Any CPU
	EndGlobalSection
	GlobalSection(ProjectConfigurationPlatforms) = postSolution
		{6B86B759-AA5E-43BE-879A-4CCF9742D9CB}.Debug|Any CPU.ActiveCfg = Debug|Any CPU
		{6B86B759-AA5E-43BE-879A-4CCF9742D9CB}.Debug|Any CPU.Build.0 = Debug|Any CPU
		{6B86B759-AA5E-43BE-879A-4CCF9742D9CB}.Release|Any CPU.ActiveCfg = Release|Any CPU
		{6B86B759-AA5E-43BE-879A-4CCF9742D9CB}.Release|Any CPU.Build.0 = Release|Any CPU
	EndGlobalSection
	GlobalSection(SolutionProperties) = preSolution
		HideSolutionNode = FALSE
	EndGlobalSection
	GlobalSection(ExtensibilityGlobals) = postSolution
		SolutionGuid = {15D513D9-AEA3-46E7-AB59-552933018491}
	EndGlobalSection
EndGlobal
